// !$*UTF8*$!
{
	archiveVersion = 1;
	classes = {
	};
	objectVersion = 46;
	objects = {

/* Begin PBXBuildFile section */
		2C6F0955564844B0B1129F69 /* libPods.a in Frameworks */ = {isa = PBXBuildFile; fileRef = DDA5729114564585936844CA /* libPods.a */; };
		3686702F7DA5ABCC55CAD1F3 /* debug.xcconfig in Resources */ = {isa = PBXBuildFile; fileRef = 3686798695D53EC257390DFA /* debug.xcconfig */; };
		368672230E915FE6FE534FB0 /* common.xcconfig in Resources */ = {isa = PBXBuildFile; fileRef = 368675CCE862A6965184AE10 /* common.xcconfig */; };
		36867252D1561D1EE5171D78 /* STAnnotation.m in Sources */ = {isa = PBXBuildFile; fileRef = 36867B730F4EBBA62F804A63 /* STAnnotation.m */; };
		3686733CBECC9FC28EE26491 /* MoreInformationViewController.m in Sources */ = {isa = PBXBuildFile; fileRef = 368677406FE7423FA61EF3CE /* MoreInformationViewController.m */; };
		36867482797A84B510A91371 /* ListingsCell.m in Sources */ = {isa = PBXBuildFile; fileRef = 36867763F50586822930A8EF /* ListingsCell.m */; };
		368675195B5CDA5EB4502195 /* ListingsMapViewController.m in Sources */ = {isa = PBXBuildFile; fileRef = 3686717CC2C382E381546C09 /* ListingsMapViewController.m */; };
		3686751DFEFCADE2834E1736 /* SearchViewController.m in Sources */ = {isa = PBXBuildFile; fileRef = 36867A4A0403146DB99DFB66 /* SearchViewController.m */; };
		368676950B79930720B55DA9 /* UIColor+SmartTrucking.m in Sources */ = {isa = PBXBuildFile; fileRef = 36867EEF60408FB5FF28577F /* UIColor+SmartTrucking.m */; };
		368677731C5C4E1E7F81A45C /* Address.m in Sources */ = {isa = PBXBuildFile; fileRef = 368671D7C449D7478AE091E2 /* Address.m */; };
		368677ED565AAB5E51ED3080 /* ListingsViewController.m in Sources */ = {isa = PBXBuildFile; fileRef = 36867F3858EF67485981AB91 /* ListingsViewController.m */; };
		3686785F59A0BB34B4E59699 /* Listing.m in Sources */ = {isa = PBXBuildFile; fileRef = 36867F9D0FFD2A1AC5442AE6 /* Listing.m */; };
		3686786252891C134CFF3673 /* UIFont+SmartTrucking.m in Sources */ = {isa = PBXBuildFile; fileRef = 368679863396CB326E8879F7 /* UIFont+SmartTrucking.m */; };
		3686788B9AC8D17F64DC2384 /* ApiClient.m in Sources */ = {isa = PBXBuildFile; fileRef = 36867D2BA966DCAEB240BDDF /* ApiClient.m */; };
		36867A7BF3437BB789207ACB /* AddListingViewController.m in Sources */ = {isa = PBXBuildFile; fileRef = 36867966EAD4243021AED2D3 /* AddListingViewController.m */; };
		36867B265CA756EFB8F9CA19 /* ListingSummaryViewController.m in Sources */ = {isa = PBXBuildFile; fileRef = 368675B2B4A33226C23F72B2 /* ListingSummaryViewController.m */; };
		36867D4DFAD08DF13EDC19B7 /* MyAccountViewController.m in Sources */ = {isa = PBXBuildFile; fileRef = 36867146AF4B2687B5B7E3E7 /* MyAccountViewController.m */; };
		36867E0F496E5164A3C68640 /* FXForms.m in Sources */ = {isa = PBXBuildFile; fileRef = 36867574420FC03229EB2051 /* FXForms.m */; };
		36867EA3CFDEC1FA690D032D /* release.xcconfig in Resources */ = {isa = PBXBuildFile; fileRef = 368674E1227DD200EFEF046E /* release.xcconfig */; };
		36867F6100E504D088221A45 /* AddListingForm.m in Sources */ = {isa = PBXBuildFile; fileRef = 3686751D60A928352F50D775 /* AddListingForm.m */; };
		4964F1E91948829900EB661E /* MapKit.framework in Frameworks */ = {isa = PBXBuildFile; fileRef = 4964F1E81948829900EB661E /* MapKit.framework */; };
		BD8450E4C1DD2A9639C473DA /* CoreGraphics.framework in Frameworks */ = {isa = PBXBuildFile; fileRef = BD845BC5D39AD1AA1CB5AB1C /* CoreGraphics.framework */; };
		BD84519A563002F19E7A1950 /* SmartTruckingTests.m in Sources */ = {isa = PBXBuildFile; fileRef = BD845CF952F93904B19B0A4A /* SmartTruckingTests.m */; };
		BD84520E336995ED89FC850B /* UIKit.framework in Frameworks */ = {isa = PBXBuildFile; fileRef = BD84546F903691CC22FCF176 /* UIKit.framework */; };
		BD845601B533FBB0E9C2B1C0 /* XCTest.framework in Frameworks */ = {isa = PBXBuildFile; fileRef = BD845F4CAB0B85AA5673407B /* XCTest.framework */; };
		BD8458CCEDCDF861786A5B79 /* AppDelegate.m in Sources */ = {isa = PBXBuildFile; fileRef = BD84578A97CD4974B3D17CB6 /* AppDelegate.m */; };
		BD845B756B6772CBBA1F6E3B /* main.m in Sources */ = {isa = PBXBuildFile; fileRef = BD845C25CA082A5EE13C5A1D /* main.m */; };
		BD845B8CFA7A5FE42769F4B5 /* Foundation.framework in Frameworks */ = {isa = PBXBuildFile; fileRef = BD845F75EBF0CC7D2BE902F9 /* Foundation.framework */; };
		BD845CAB32682000F9621392 /* Foundation.framework in Frameworks */ = {isa = PBXBuildFile; fileRef = BD845F75EBF0CC7D2BE902F9 /* Foundation.framework */; };
		BD845CB51DE349ECE884EF5C /* InfoPlist.strings in Resources */ = {isa = PBXBuildFile; fileRef = BD845B4E7AFC7AABCAD079F6 /* InfoPlist.strings */; };
		BD845CE13493261CD4269D6C /* UIKit.framework in Frameworks */ = {isa = PBXBuildFile; fileRef = BD84546F903691CC22FCF176 /* UIKit.framework */; };
		BD845EE75C5D1B914AAD0D30 /* Images.xcassets in Resources */ = {isa = PBXBuildFile; fileRef = BD845628EA73733E6DA66780 /* Images.xcassets */; };
		BD845F6B5B1F45C9F8AB6530 /* InfoPlist.strings in Resources */ = {isa = PBXBuildFile; fileRef = BD845D26C5E2F5E7D5EC6366 /* InfoPlist.strings */; };
/* End PBXBuildFile section */

/* Begin PBXContainerItemProxy section */
		BD845104A7C81F30ABCF131A /* PBXContainerItemProxy */ = {
			isa = PBXContainerItemProxy;
			containerPortal = BD8457981DDC94BA6E2E8E74 /* Project object */;
			proxyType = 1;
			remoteGlobalIDString = BD8455170B87DCB156741248;
			remoteInfo = SmartTrucking;
		};
/* End PBXContainerItemProxy section */

/* Begin PBXFileReference section */
		368670B7581994460386517F /* ListingsViewController.h */ = {isa = PBXFileReference; fileEncoding = 4; lastKnownFileType = sourcecode.c.h; path = ListingsViewController.h; sourceTree = "<group>"; };
		36867146AF4B2687B5B7E3E7 /* MyAccountViewController.m */ = {isa = PBXFileReference; fileEncoding = 4; lastKnownFileType = sourcecode.c.objc; path = MyAccountViewController.m; sourceTree = "<group>"; };
		3686717CC2C382E381546C09 /* ListingsMapViewController.m */ = {isa = PBXFileReference; fileEncoding = 4; lastKnownFileType = sourcecode.c.objc; path = ListingsMapViewController.m; sourceTree = "<group>"; };
		368671D7C449D7478AE091E2 /* Address.m */ = {isa = PBXFileReference; fileEncoding = 4; lastKnownFileType = sourcecode.c.objc; path = Address.m; sourceTree = "<group>"; };
		36867225497198AFDAC080F2 /* UIColor+SmartTrucking.h */ = {isa = PBXFileReference; fileEncoding = 4; lastKnownFileType = sourcecode.c.h; path = "UIColor+SmartTrucking.h"; sourceTree = "<group>"; };
		368672827B191402D243D557 /* Address.h */ = {isa = PBXFileReference; fileEncoding = 4; lastKnownFileType = sourcecode.c.h; path = Address.h; sourceTree = "<group>"; };
		368672D0EEA91BDF848B1D3E /* AddListingForm.h */ = {isa = PBXFileReference; fileEncoding = 4; lastKnownFileType = sourcecode.c.h; path = AddListingForm.h; sourceTree = "<group>"; };
		368673C1524AE468B1848E99 /* MoreInformationViewController.h */ = {isa = PBXFileReference; fileEncoding = 4; lastKnownFileType = sourcecode.c.h; path = MoreInformationViewController.h; sourceTree = "<group>"; };
		36867427058ACE886D62E244 /* ApiClient.h */ = {isa = PBXFileReference; fileEncoding = 4; lastKnownFileType = sourcecode.c.h; path = ApiClient.h; sourceTree = "<group>"; };
		368674E1227DD200EFEF046E /* release.xcconfig */ = {isa = PBXFileReference; fileEncoding = 4; lastKnownFileType = text.xcconfig; path = release.xcconfig; sourceTree = "<group>"; };
		3686751D60A928352F50D775 /* AddListingForm.m */ = {isa = PBXFileReference; fileEncoding = 4; lastKnownFileType = sourcecode.c.objc; path = AddListingForm.m; sourceTree = "<group>"; };
		36867574420FC03229EB2051 /* FXForms.m */ = {isa = PBXFileReference; fileEncoding = 4; lastKnownFileType = sourcecode.c.objc; path = FXForms.m; sourceTree = "<group>"; };
		36867596F12E83612CE0A122 /* FXForms.h */ = {isa = PBXFileReference; fileEncoding = 4; lastKnownFileType = sourcecode.c.h; path = FXForms.h; sourceTree = "<group>"; };
		368675B2B4A33226C23F72B2 /* ListingSummaryViewController.m */ = {isa = PBXFileReference; fileEncoding = 4; lastKnownFileType = sourcecode.c.objc; path = ListingSummaryViewController.m; sourceTree = "<group>"; };
		368675CCE862A6965184AE10 /* common.xcconfig */ = {isa = PBXFileReference; fileEncoding = 4; lastKnownFileType = text.xcconfig; path = common.xcconfig; sourceTree = "<group>"; };
		3686760C0886B8C931132AE8 /* AddListingViewController.h */ = {isa = PBXFileReference; fileEncoding = 4; lastKnownFileType = sourcecode.c.h; path = AddListingViewController.h; sourceTree = "<group>"; };
		368677406FE7423FA61EF3CE /* MoreInformationViewController.m */ = {isa = PBXFileReference; fileEncoding = 4; lastKnownFileType = sourcecode.c.objc; path = MoreInformationViewController.m; sourceTree = "<group>"; };
		36867763F50586822930A8EF /* ListingsCell.m */ = {isa = PBXFileReference; fileEncoding = 4; lastKnownFileType = sourcecode.c.objc; path = ListingsCell.m; sourceTree = "<group>"; };
		368678A4B143E7E69BB8F748 /* Listing.h */ = {isa = PBXFileReference; fileEncoding = 4; lastKnownFileType = sourcecode.c.h; path = Listing.h; sourceTree = "<group>"; };
		36867966EAD4243021AED2D3 /* AddListingViewController.m */ = {isa = PBXFileReference; fileEncoding = 4; lastKnownFileType = sourcecode.c.objc; path = AddListingViewController.m; sourceTree = "<group>"; };
		3686796956F47C37488E5D84 /* SearchViewController.h */ = {isa = PBXFileReference; fileEncoding = 4; lastKnownFileType = sourcecode.c.h; path = SearchViewController.h; sourceTree = "<group>"; };
		368679704D6C55C24FDB1190 /* STAnnotation.h */ = {isa = PBXFileReference; fileEncoding = 4; lastKnownFileType = sourcecode.c.h; path = STAnnotation.h; sourceTree = "<group>"; };
		368679863396CB326E8879F7 /* UIFont+SmartTrucking.m */ = {isa = PBXFileReference; fileEncoding = 4; lastKnownFileType = sourcecode.c.objc; path = "UIFont+SmartTrucking.m"; sourceTree = "<group>"; };
		3686798695D53EC257390DFA /* debug.xcconfig */ = {isa = PBXFileReference; fileEncoding = 4; lastKnownFileType = text.xcconfig; path = debug.xcconfig; sourceTree = "<group>"; };
		36867A4A0403146DB99DFB66 /* SearchViewController.m */ = {isa = PBXFileReference; fileEncoding = 4; lastKnownFileType = sourcecode.c.objc; path = SearchViewController.m; sourceTree = "<group>"; };
		36867A8568D822761D2786CE /* ListingsCell.h */ = {isa = PBXFileReference; fileEncoding = 4; lastKnownFileType = sourcecode.c.h; path = ListingsCell.h; sourceTree = "<group>"; };
		36867A94257486DDADAB3CC3 /* MyAccountViewController.h */ = {isa = PBXFileReference; fileEncoding = 4; lastKnownFileType = sourcecode.c.h; path = MyAccountViewController.h; sourceTree = "<group>"; };
		36867B02CF2E90A5ACF7B5E2 /* ListingsMapViewController.h */ = {isa = PBXFileReference; fileEncoding = 4; lastKnownFileType = sourcecode.c.h; path = ListingsMapViewController.h; sourceTree = "<group>"; };
		36867B730F4EBBA62F804A63 /* STAnnotation.m */ = {isa = PBXFileReference; fileEncoding = 4; lastKnownFileType = sourcecode.c.objc; path = STAnnotation.m; sourceTree = "<group>"; };
		36867CCCF2600D8A42A8C916 /* UIFont+SmartTrucking.h */ = {isa = PBXFileReference; fileEncoding = 4; lastKnownFileType = sourcecode.c.h; path = "UIFont+SmartTrucking.h"; sourceTree = "<group>"; };
		36867D2BA966DCAEB240BDDF /* ApiClient.m */ = {isa = PBXFileReference; fileEncoding = 4; lastKnownFileType = sourcecode.c.objc; path = ApiClient.m; sourceTree = "<group>"; };
		36867E85EA628DAD49E68323 /* ListingSummaryViewController.h */ = {isa = PBXFileReference; fileEncoding = 4; lastKnownFileType = sourcecode.c.h; path = ListingSummaryViewController.h; sourceTree = "<group>"; };
		36867EEF60408FB5FF28577F /* UIColor+SmartTrucking.m */ = {isa = PBXFileReference; fileEncoding = 4; lastKnownFileType = sourcecode.c.objc; path = "UIColor+SmartTrucking.m"; sourceTree = "<group>"; };
		36867F3858EF67485981AB91 /* ListingsViewController.m */ = {isa = PBXFileReference; fileEncoding = 4; lastKnownFileType = sourcecode.c.objc; path = ListingsViewController.m; sourceTree = "<group>"; };
		36867F9D0FFD2A1AC5442AE6 /* Listing.m */ = {isa = PBXFileReference; fileEncoding = 4; lastKnownFileType = sourcecode.c.objc; path = Listing.m; sourceTree = "<group>"; };
		3D9C14FE9D934430AD4598E8 /* Pods.xcconfig */ = {isa = PBXFileReference; includeInIndex = 1; lastKnownFileType = text.xcconfig; name = Pods.xcconfig; path = Pods/Pods.xcconfig; sourceTree = "<group>"; };
		4964F1E61948804E00EB661E /* CoreLocation.framework */ = {isa = PBXFileReference; lastKnownFileType = wrapper.framework; name = CoreLocation.framework; path = System/Library/Frameworks/CoreLocation.framework; sourceTree = SDKROOT; };
		4964F1E81948829900EB661E /* MapKit.framework */ = {isa = PBXFileReference; lastKnownFileType = wrapper.framework; name = MapKit.framework; path = System/Library/Frameworks/MapKit.framework; sourceTree = SDKROOT; };
		BD84505016193D534B7F2ED5 /* SmartTruckingTests.xctest */ = {isa = PBXFileReference; explicitFileType = wrapper.cfbundle; includeInIndex = 0; path = SmartTruckingTests.xctest; sourceTree = BUILT_PRODUCTS_DIR; };
		BD84546F903691CC22FCF176 /* UIKit.framework */ = {isa = PBXFileReference; lastKnownFileType = wrapper.framework; name = UIKit.framework; path = System/Library/Frameworks/UIKit.framework; sourceTree = SDKROOT; };
		BD84558A796C79341FFE7EE4 /* SmartTrucking-Info.plist */ = {isa = PBXFileReference; lastKnownFileType = text.plist.info; path = "SmartTrucking-Info.plist"; sourceTree = "<group>"; };
		BD845628EA73733E6DA66780 /* Images.xcassets */ = {isa = PBXFileReference; lastKnownFileType = folder.assetcatalog; path = Images.xcassets; sourceTree = "<group>"; };
		BD84573E6D7784B2D5854A39 /* en */ = {isa = PBXFileReference; lastKnownFileType = text.plist.strings; name = en; path = en.lproj/InfoPlist.strings; sourceTree = "<group>"; };
		BD84578A97CD4974B3D17CB6 /* AppDelegate.m */ = {isa = PBXFileReference; lastKnownFileType = sourcecode.c.objc; path = AppDelegate.m; sourceTree = "<group>"; };
		BD84582B4223A08F090B50C0 /* AppDelegate.h */ = {isa = PBXFileReference; lastKnownFileType = sourcecode.c.h; path = AppDelegate.h; sourceTree = "<group>"; };
		BD845BC5D39AD1AA1CB5AB1C /* CoreGraphics.framework */ = {isa = PBXFileReference; lastKnownFileType = wrapper.framework; name = CoreGraphics.framework; path = System/Library/Frameworks/CoreGraphics.framework; sourceTree = SDKROOT; };
		BD845C25CA082A5EE13C5A1D /* main.m */ = {isa = PBXFileReference; lastKnownFileType = sourcecode.c.objc; path = main.m; sourceTree = "<group>"; };
		BD845CB402DCCDD6A47F08CD /* SmartTrucking-Prefix.pch */ = {isa = PBXFileReference; lastKnownFileType = sourcecode.c.h; path = "SmartTrucking-Prefix.pch"; sourceTree = "<group>"; };
		BD845CF952F93904B19B0A4A /* SmartTruckingTests.m */ = {isa = PBXFileReference; lastKnownFileType = sourcecode.c.objc; path = SmartTruckingTests.m; sourceTree = "<group>"; };
		BD845D05F779A92988829A55 /* SmartTruckingTests-Info.plist */ = {isa = PBXFileReference; lastKnownFileType = text.plist.info; path = "SmartTruckingTests-Info.plist"; sourceTree = "<group>"; };
		BD845E9B142ECBD90280BBEE /* SmartTrucking.app */ = {isa = PBXFileReference; explicitFileType = wrapper.application; includeInIndex = 0; path = SmartTrucking.app; sourceTree = BUILT_PRODUCTS_DIR; };
		BD845F194ABFF2BF3513EFFB /* en */ = {isa = PBXFileReference; lastKnownFileType = text.plist.strings; name = en; path = en.lproj/InfoPlist.strings; sourceTree = "<group>"; };
		BD845F4CAB0B85AA5673407B /* XCTest.framework */ = {isa = PBXFileReference; lastKnownFileType = wrapper.framework; name = XCTest.framework; path = Library/Frameworks/XCTest.framework; sourceTree = DEVELOPER_DIR; };
		BD845F75EBF0CC7D2BE902F9 /* Foundation.framework */ = {isa = PBXFileReference; lastKnownFileType = wrapper.framework; name = Foundation.framework; path = System/Library/Frameworks/Foundation.framework; sourceTree = SDKROOT; };
		DDA5729114564585936844CA /* libPods.a */ = {isa = PBXFileReference; explicitFileType = archive.ar; includeInIndex = 0; path = libPods.a; sourceTree = BUILT_PRODUCTS_DIR; };
/* End PBXFileReference section */

/* Begin PBXFrameworksBuildPhase section */
		BD8451F0B55C1BE48F806888 /* Frameworks */ = {
			isa = PBXFrameworksBuildPhase;
			buildActionMask = 2147483647;
			files = (
				BD845CAB32682000F9621392 /* Foundation.framework in Frameworks */,
				BD8450E4C1DD2A9639C473DA /* CoreGraphics.framework in Frameworks */,
				BD845CE13493261CD4269D6C /* UIKit.framework in Frameworks */,
				4964F1E91948829900EB661E /* MapKit.framework in Frameworks */,
				2C6F0955564844B0B1129F69 /* libPods.a in Frameworks */,
			);
			runOnlyForDeploymentPostprocessing = 0;
		};
		BD845D0598C15EDC4953F272 /* Frameworks */ = {
			isa = PBXFrameworksBuildPhase;
			buildActionMask = 2147483647;
			files = (
				BD845601B533FBB0E9C2B1C0 /* XCTest.framework in Frameworks */,
				BD845B8CFA7A5FE42769F4B5 /* Foundation.framework in Frameworks */,
				BD84520E336995ED89FC850B /* UIKit.framework in Frameworks */,
			);
			runOnlyForDeploymentPostprocessing = 0;
		};
/* End PBXFrameworksBuildPhase section */

/* Begin PBXGroup section */
		368670DE309C615FC52F2D93 /* Libraries */ = {
			isa = PBXGroup;
			children = (
				368671BC269D885F9CF2BD7F /* FXForms */,
			);
			path = Libraries;
			sourceTree = "<group>";
		};
		368671BC269D885F9CF2BD7F /* FXForms */ = {
			isa = PBXGroup;
			children = (
				36867574420FC03229EB2051 /* FXForms.m */,
				36867596F12E83612CE0A122 /* FXForms.h */,
			);
			path = FXForms;
			sourceTree = "<group>";
		};
		3686755CDAB9171CE20826E6 /* View */ = {
			isa = PBXGroup;
			children = (
				36867763F50586822930A8EF /* ListingsCell.m */,
				36867A8568D822761D2786CE /* ListingsCell.h */,
				36867B730F4EBBA62F804A63 /* STAnnotation.m */,
				368679704D6C55C24FDB1190 /* STAnnotation.h */,
			);
			path = View;
			sourceTree = "<group>";
		};
		36867864C87D2A5E93F0EF27 /* Model */ = {
			isa = PBXGroup;
			children = (
				36867F9D0FFD2A1AC5442AE6 /* Listing.m */,
				368678A4B143E7E69BB8F748 /* Listing.h */,
				368671D7C449D7478AE091E2 /* Address.m */,
				368672827B191402D243D557 /* Address.h */,
			);
			path = Model;
			sourceTree = "<group>";
		};
		36867A3DBC4E986845819DDF /* Category */ = {
			isa = PBXGroup;
			children = (
				36867EEF60408FB5FF28577F /* UIColor+SmartTrucking.m */,
				36867225497198AFDAC080F2 /* UIColor+SmartTrucking.h */,
				368679863396CB326E8879F7 /* UIFont+SmartTrucking.m */,
				36867CCCF2600D8A42A8C916 /* UIFont+SmartTrucking.h */,
			);
			path = Category;
			sourceTree = "<group>";
		};
		36867DAC816BAE071428110F /* Config */ = {
			isa = PBXGroup;
			children = (
				3686798695D53EC257390DFA /* debug.xcconfig */,
				368674E1227DD200EFEF046E /* release.xcconfig */,
				368675CCE862A6965184AE10 /* common.xcconfig */,
			);
			path = Config;
			sourceTree = "<group>";
		};
		36867F0869CBB722FA1F3A78 /* Form */ = {
			isa = PBXGroup;
			children = (
				3686751D60A928352F50D775 /* AddListingForm.m */,
				368672D0EEA91BDF848B1D3E /* AddListingForm.h */,
			);
			path = Form;
			sourceTree = "<group>";
		};
		36867FDF0EFB07A1C9A78B4E /* Controller */ = {
			isa = PBXGroup;
			children = (
				36867F3858EF67485981AB91 /* ListingsViewController.m */,
				368670B7581994460386517F /* ListingsViewController.h */,
				36867A4A0403146DB99DFB66 /* SearchViewController.m */,
				3686796956F47C37488E5D84 /* SearchViewController.h */,
				36867146AF4B2687B5B7E3E7 /* MyAccountViewController.m */,
				36867A94257486DDADAB3CC3 /* MyAccountViewController.h */,
				368675B2B4A33226C23F72B2 /* ListingSummaryViewController.m */,
				36867E85EA628DAD49E68323 /* ListingSummaryViewController.h */,
				368677406FE7423FA61EF3CE /* MoreInformationViewController.m */,
				368673C1524AE468B1848E99 /* MoreInformationViewController.h */,
				3686717CC2C382E381546C09 /* ListingsMapViewController.m */,
				36867B02CF2E90A5ACF7B5E2 /* ListingsMapViewController.h */,
				36867966EAD4243021AED2D3 /* AddListingViewController.m */,
				3686760C0886B8C931132AE8 /* AddListingViewController.h */,
			);
			path = Controller;
			sourceTree = "<group>";
		};
		BD8452CA3A0B31B7E9816166 = {
			isa = PBXGroup;
			children = (
				BD845E9F92284D684E637AD1 /* Products */,
				BD845668D3FBE98A6FE27CDF /* Frameworks */,
				BD845A1FE76180FCEA06A6CA /* SmartTrucking */,
				BD845A96034420E17740D735 /* SmartTruckingTests */,
				3D9C14FE9D934430AD4598E8 /* Pods.xcconfig */,
				36867DAC816BAE071428110F /* Config */,
			);
			sourceTree = "<group>";
		};
		BD8452E3C21C6EBB9CEFDAC7 /* Supporting Files */ = {
			isa = PBXGroup;
			children = (
				BD84558A796C79341FFE7EE4 /* SmartTrucking-Info.plist */,
				BD845D26C5E2F5E7D5EC6366 /* InfoPlist.strings */,
				BD845C25CA082A5EE13C5A1D /* main.m */,
				BD845CB402DCCDD6A47F08CD /* SmartTrucking-Prefix.pch */,
			);
			name = "Supporting Files";
			sourceTree = "<group>";
		};
		BD845668D3FBE98A6FE27CDF /* Frameworks */ = {
			isa = PBXGroup;
			children = (
				4964F1E81948829900EB661E /* MapKit.framework */,
				4964F1E61948804E00EB661E /* CoreLocation.framework */,
				BD845F75EBF0CC7D2BE902F9 /* Foundation.framework */,
				BD845BC5D39AD1AA1CB5AB1C /* CoreGraphics.framework */,
				BD84546F903691CC22FCF176 /* UIKit.framework */,
				BD845F4CAB0B85AA5673407B /* XCTest.framework */,
				DDA5729114564585936844CA /* libPods.a */,
			);
			name = Frameworks;
			sourceTree = "<group>";
		};
		BD84581DA6FC02968726C642 /* Supporting Files */ = {
			isa = PBXGroup;
			children = (
				BD845D05F779A92988829A55 /* SmartTruckingTests-Info.plist */,
				BD845B4E7AFC7AABCAD079F6 /* InfoPlist.strings */,
			);
			name = "Supporting Files";
			sourceTree = "<group>";
		};
		BD845A1FE76180FCEA06A6CA /* SmartTrucking */ = {
			isa = PBXGroup;
			children = (
				BD8452E3C21C6EBB9CEFDAC7 /* Supporting Files */,
				BD84582B4223A08F090B50C0 /* AppDelegate.h */,
				BD84578A97CD4974B3D17CB6 /* AppDelegate.m */,
				BD845628EA73733E6DA66780 /* Images.xcassets */,
				36867D2BA966DCAEB240BDDF /* ApiClient.m */,
				36867427058ACE886D62E244 /* ApiClient.h */,
				36867864C87D2A5E93F0EF27 /* Model */,
				36867FDF0EFB07A1C9A78B4E /* Controller */,
				3686755CDAB9171CE20826E6 /* View */,
				36867A3DBC4E986845819DDF /* Category */,
				368670DE309C615FC52F2D93 /* Libraries */,
				36867F0869CBB722FA1F3A78 /* Form */,
			);
			path = SmartTrucking;
			sourceTree = "<group>";
		};
		BD845A96034420E17740D735 /* SmartTruckingTests */ = {
			isa = PBXGroup;
			children = (
				BD84581DA6FC02968726C642 /* Supporting Files */,
				BD845CF952F93904B19B0A4A /* SmartTruckingTests.m */,
			);
			path = SmartTruckingTests;
			sourceTree = "<group>";
		};
		BD845E9F92284D684E637AD1 /* Products */ = {
			isa = PBXGroup;
			children = (
				BD845E9B142ECBD90280BBEE /* SmartTrucking.app */,
				BD84505016193D534B7F2ED5 /* SmartTruckingTests.xctest */,
			);
			name = Products;
			sourceTree = "<group>";
		};
/* End PBXGroup section */

/* Begin PBXNativeTarget section */
		BD8455170B87DCB156741248 /* SmartTrucking */ = {
			isa = PBXNativeTarget;
			buildConfigurationList = BD845D63F54ADFEA523B746F /* Build configuration list for PBXNativeTarget "SmartTrucking" */;
			buildPhases = (
				44584D39CF2A4EB199F07993 /* Check Pods Manifest.lock */,
				BD8455F1F1D9C6ABA3FECB73 /* Sources */,
				BD8451F0B55C1BE48F806888 /* Frameworks */,
				BD845B6F5DD690A770220FC1 /* Resources */,
				A5F166D2FAFF484C9091EF28 /* Copy Pods Resources */,
			);
			buildRules = (
			);
			dependencies = (
			);
			name = SmartTrucking;
			productName = SmartTrucking;
			productReference = BD845E9B142ECBD90280BBEE /* SmartTrucking.app */;
			productType = "com.apple.product-type.application";
		};
		BD845ECFB6EA9371410EFB6D /* SmartTruckingTests */ = {
			isa = PBXNativeTarget;
			buildConfigurationList = BD845B53C608141E0E6D36E4 /* Build configuration list for PBXNativeTarget "SmartTruckingTests" */;
			buildPhases = (
				BD845CA091D3E26332E2FABD /* Sources */,
				BD845D0598C15EDC4953F272 /* Frameworks */,
				BD8450FA5435B2FEBA5A7CC0 /* Resources */,
			);
			buildRules = (
			);
			dependencies = (
				BD845FF377867F107A831FA3 /* PBXTargetDependency */,
			);
			name = SmartTruckingTests;
			productName = SmartTruckingTests;
			productReference = BD84505016193D534B7F2ED5 /* SmartTruckingTests.xctest */;
			productType = "com.apple.product-type.bundle.unit-test";
		};
/* End PBXNativeTarget section */

/* Begin PBXProject section */
		BD8457981DDC94BA6E2E8E74 /* Project object */ = {
			isa = PBXProject;
			attributes = {
				ORGANIZATIONNAME = none;
				TargetAttributes = {
					BD8455170B87DCB156741248 = {
						SystemCapabilities = {
							com.apple.iOS = {
								enabled = 1;
							};
						};
					};
				};
			};
			buildConfigurationList = BD8458C6FD82FEEF3C92A121 /* Build configuration list for PBXProject "SmartTrucking" */;
			compatibilityVersion = "Xcode 3.2";
			developmentRegion = English;
			hasScannedForEncodings = 0;
			knownRegions = (
				en,
			);
			mainGroup = BD8452CA3A0B31B7E9816166;
			productRefGroup = BD845E9F92284D684E637AD1 /* Products */;
			projectDirPath = "";
			projectRoot = "";
			targets = (
				BD8455170B87DCB156741248 /* SmartTrucking */,
				BD845ECFB6EA9371410EFB6D /* SmartTruckingTests */,
			);
		};
/* End PBXProject section */

/* Begin PBXResourcesBuildPhase section */
		BD8450FA5435B2FEBA5A7CC0 /* Resources */ = {
			isa = PBXResourcesBuildPhase;
			buildActionMask = 2147483647;
			files = (
				BD845CB51DE349ECE884EF5C /* InfoPlist.strings in Resources */,
			);
			runOnlyForDeploymentPostprocessing = 0;
		};
		BD845B6F5DD690A770220FC1 /* Resources */ = {
			isa = PBXResourcesBuildPhase;
			buildActionMask = 2147483647;
			files = (
				BD845F6B5B1F45C9F8AB6530 /* InfoPlist.strings in Resources */,
				BD845EE75C5D1B914AAD0D30 /* Images.xcassets in Resources */,
				3686702F7DA5ABCC55CAD1F3 /* debug.xcconfig in Resources */,
				36867EA3CFDEC1FA690D032D /* release.xcconfig in Resources */,
				368672230E915FE6FE534FB0 /* common.xcconfig in Resources */,
			);
			runOnlyForDeploymentPostprocessing = 0;
		};
/* End PBXResourcesBuildPhase section */

/* Begin PBXShellScriptBuildPhase section */
		44584D39CF2A4EB199F07993 /* Check Pods Manifest.lock */ = {
			isa = PBXShellScriptBuildPhase;
			buildActionMask = 2147483647;
			files = (
			);
			inputPaths = (
			);
			name = "Check Pods Manifest.lock";
			outputPaths = (
			);
			runOnlyForDeploymentPostprocessing = 0;
			shellPath = /bin/sh;
			shellScript = "diff \"${PODS_ROOT}/../Podfile.lock\" \"${PODS_ROOT}/Manifest.lock\" > /dev/null\nif [[ $? != 0 ]] ; then\n    cat << EOM\nerror: The sandbox is not in sync with the Podfile.lock. Run 'pod install' or update your CocoaPods installation.\nEOM\n    exit 1\nfi\n";
			showEnvVarsInLog = 0;
		};
		A5F166D2FAFF484C9091EF28 /* Copy Pods Resources */ = {
			isa = PBXShellScriptBuildPhase;
			buildActionMask = 2147483647;
			files = (
			);
			inputPaths = (
			);
			name = "Copy Pods Resources";
			outputPaths = (
			);
			runOnlyForDeploymentPostprocessing = 0;
			shellPath = /bin/sh;
			shellScript = "\"${SRCROOT}/Pods/Pods-resources.sh\"\n";
			showEnvVarsInLog = 0;
		};
/* End PBXShellScriptBuildPhase section */

/* Begin PBXSourcesBuildPhase section */
		BD8455F1F1D9C6ABA3FECB73 /* Sources */ = {
			isa = PBXSourcesBuildPhase;
			buildActionMask = 2147483647;
			files = (
				BD845B756B6772CBBA1F6E3B /* main.m in Sources */,
				BD8458CCEDCDF861786A5B79 /* AppDelegate.m in Sources */,
				3686788B9AC8D17F64DC2384 /* ApiClient.m in Sources */,
				3686785F59A0BB34B4E59699 /* Listing.m in Sources */,
				368677ED565AAB5E51ED3080 /* ListingsViewController.m in Sources */,
				36867482797A84B510A91371 /* ListingsCell.m in Sources */,
				3686751DFEFCADE2834E1736 /* SearchViewController.m in Sources */,
				36867D4DFAD08DF13EDC19B7 /* MyAccountViewController.m in Sources */,
				368676950B79930720B55DA9 /* UIColor+SmartTrucking.m in Sources */,
				3686786252891C134CFF3673 /* UIFont+SmartTrucking.m in Sources */,
				36867B265CA756EFB8F9CA19 /* ListingSummaryViewController.m in Sources */,
				368677731C5C4E1E7F81A45C /* Address.m in Sources */,
				3686733CBECC9FC28EE26491 /* MoreInformationViewController.m in Sources */,
				368675195B5CDA5EB4502195 /* ListingsMapViewController.m in Sources */,
				36867252D1561D1EE5171D78 /* STAnnotation.m in Sources */,
				36867E0F496E5164A3C68640 /* FXForms.m in Sources */,
				36867F6100E504D088221A45 /* AddListingForm.m in Sources */,
				36867A7BF3437BB789207ACB /* AddListingViewController.m in Sources */,
			);
			runOnlyForDeploymentPostprocessing = 0;
		};
		BD845CA091D3E26332E2FABD /* Sources */ = {
			isa = PBXSourcesBuildPhase;
			buildActionMask = 2147483647;
			files = (
				BD84519A563002F19E7A1950 /* SmartTruckingTests.m in Sources */,
			);
			runOnlyForDeploymentPostprocessing = 0;
		};
/* End PBXSourcesBuildPhase section */

/* Begin PBXTargetDependency section */
		BD845FF377867F107A831FA3 /* PBXTargetDependency */ = {
			isa = PBXTargetDependency;
			target = BD8455170B87DCB156741248 /* SmartTrucking */;
			targetProxy = BD845104A7C81F30ABCF131A /* PBXContainerItemProxy */;
		};
/* End PBXTargetDependency section */

/* Begin PBXVariantGroup section */
		BD845B4E7AFC7AABCAD079F6 /* InfoPlist.strings */ = {
			isa = PBXVariantGroup;
			children = (
				BD845F194ABFF2BF3513EFFB /* en */,
			);
			name = InfoPlist.strings;
			sourceTree = "<group>";
		};
		BD845D26C5E2F5E7D5EC6366 /* InfoPlist.strings */ = {
			isa = PBXVariantGroup;
			children = (
				BD84573E6D7784B2D5854A39 /* en */,
			);
			name = InfoPlist.strings;
			sourceTree = "<group>";
		};
/* End PBXVariantGroup section */

/* Begin XCBuildConfiguration section */
		BD84502EB04ED31CD5184BAD /* Release */ = {
			isa = XCBuildConfiguration;
			buildSettings = {
				ALWAYS_SEARCH_USER_PATHS = NO;
				CLANG_CXX_LANGUAGE_STANDARD = "gnu++0x";
				CLANG_CXX_LIBRARY = "libc++";
				CLANG_ENABLE_MODULES = YES;
				CLANG_ENABLE_OBJC_ARC = YES;
				CLANG_WARN_BOOL_CONVERSION = YES;
				CLANG_WARN_CONSTANT_CONVERSION = YES;
				CLANG_WARN_DIRECT_OBJC_ISA_USAGE = YES_ERROR;
				CLANG_WARN_EMPTY_BODY = YES;
				CLANG_WARN_ENUM_CONVERSION = YES;
				CLANG_WARN_INT_CONVERSION = YES;
				CLANG_WARN_OBJC_ROOT_CLASS = YES_ERROR;
				CLANG_WARN__DUPLICATE_METHOD_MATCH = YES;
				"CODE_SIGN_IDENTITY[sdk=iphoneos*]" = "iPhone Developer";
				COPY_PHASE_STRIP = YES;
				ENABLE_NS_ASSERTIONS = NO;
				GCC_C_LANGUAGE_STANDARD = gnu99;
				GCC_WARN_64_TO_32_BIT_CONVERSION = YES;
				GCC_WARN_ABOUT_RETURN_TYPE = YES_ERROR;
				GCC_WARN_UNDECLARED_SELECTOR = YES;
				GCC_WARN_UNINITIALIZED_AUTOS = YES_AGGRESSIVE;
				GCC_WARN_UNUSED_FUNCTION = YES;
				GCC_WARN_UNUSED_VARIABLE = YES;
				IPHONEOS_DEPLOYMENT_TARGET = 7.1;
				SDKROOT = iphoneos;
				TARGETED_DEVICE_FAMILY = "1,2";
				VALIDATE_PRODUCT = YES;
			};
			name = Release;
		};
		BD8451A108E9B566D5A473C6 /* Release */ = {
			isa = XCBuildConfiguration;
			baseConfigurationReference = 368674E1227DD200EFEF046E /* release.xcconfig */;
			buildSettings = {
				ASSETCATALOG_COMPILER_APPICON_NAME = AppIcon;
				ASSETCATALOG_COMPILER_LAUNCHIMAGE_NAME = LaunchImage;
				GCC_PRECOMPILE_PREFIX_HEADER = YES;
				GCC_PREFIX_HEADER = "SmartTrucking/SmartTrucking-Prefix.pch";
				INFOPLIST_FILE = "SmartTrucking/SmartTrucking-Info.plist";
				IPHONEOS_DEPLOYMENT_TARGET = 7.0;
				PRODUCT_NAME = "$(TARGET_NAME)";
				WRAPPER_EXTENSION = app;
			};
			name = Release;
		};
		BD8453823793DF2AF66DC2E8 /* Debug */ = {
			isa = XCBuildConfiguration;
			buildSettings = {
				FRAMEWORK_SEARCH_PATHS = (
					"$(SDKROOT)/Developer/Library/Frameworks",
					"$(inherited)",
				);
				GCC_PRECOMPILE_PREFIX_HEADER = YES;
				GCC_PREFIX_HEADER = "SmartTrucking/SmartTrucking-Prefix.pch";
				INFOPLIST_FILE = "SmartTruckingTests/SmartTruckingTests-Info.plist";
				PRODUCT_NAME = "$(TARGET_NAME)";
				WRAPPER_EXTENSION = xctest;
			};
			name = Debug;
		};
		BD845683AD64184F2808C243 /* Debug */ = {
			isa = XCBuildConfiguration;
			baseConfigurationReference = 3686798695D53EC257390DFA /* debug.xcconfig */;
			buildSettings = {
				ASSETCATALOG_COMPILER_APPICON_NAME = AppIcon;
				ASSETCATALOG_COMPILER_LAUNCHIMAGE_NAME = LaunchImage;
				GCC_PRECOMPILE_PREFIX_HEADER = YES;
				GCC_PREFIX_HEADER = "SmartTrucking/SmartTrucking-Prefix.pch";
				INFOPLIST_FILE = "SmartTrucking/SmartTrucking-Info.plist";
				IPHONEOS_DEPLOYMENT_TARGET = 7.0;
				PRODUCT_NAME = "$(TARGET_NAME)";
				WRAPPER_EXTENSION = app;
			};
			name = Debug;
		};
		BD8459785F922A535E5DB6E5 /* Debug */ = {
			isa = XCBuildConfiguration;
			buildSettings = {
				ALWAYS_SEARCH_USER_PATHS = NO;
				CLANG_CXX_LANGUAGE_STANDARD = "gnu++0x";
				CLANG_CXX_LIBRARY = "libc++";
				CLANG_ENABLE_MODULES = YES;
				CLANG_ENABLE_OBJC_ARC = YES;
				CLANG_WARN_BOOL_CONVERSION = YES;
				CLANG_WARN_CONSTANT_CONVERSION = YES;
				CLANG_WARN_DIRECT_OBJC_ISA_USAGE = YES_ERROR;
				CLANG_WARN_EMPTY_BODY = YES;
				CLANG_WARN_ENUM_CONVERSION = YES;
				CLANG_WARN_INT_CONVERSION = YES;
				CLANG_WARN_OBJC_ROOT_CLASS = YES_ERROR;
				CLANG_WARN__DUPLICATE_METHOD_MATCH = YES;
				"CODE_SIGN_IDENTITY[sdk=iphoneos*]" = "iPhone Developer";
				COPY_PHASE_STRIP = NO;
				GCC_C_LANGUAGE_STANDARD = gnu99;
				GCC_DYNAMIC_NO_PIC = NO;
				GCC_OPTIMIZATION_LEVEL = 0;
				GCC_PREPROCESSOR_DEFINITIONS = (
					"DEBUG=1",
					"$(inherited)",
				);
				GCC_SYMBOLS_PRIVATE_EXTERN = NO;
				GCC_WARN_64_TO_32_BIT_CONVERSION = YES;
				GCC_WARN_ABOUT_RETURN_TYPE = YES_ERROR;
				GCC_WARN_UNDECLARED_SELECTOR = YES;
				GCC_WARN_UNINITIALIZED_AUTOS = YES_AGGRESSIVE;
				GCC_WARN_UNUSED_FUNCTION = YES;
				GCC_WARN_UNUSED_VARIABLE = YES;
				IPHONEOS_DEPLOYMENT_TARGET = 7.1;
				ONLY_ACTIVE_ARCH = YES;
				SDKROOT = iphoneos;
				TARGETED_DEVICE_FAMILY = "1,2";
			};
			name = Debug;
		};
		BD845D385110466048FE019A /* Release */ = {
			isa = XCBuildConfiguration;
			buildSettings = {
				FRAMEWORK_SEARCH_PATHS = (
					"$(SDKROOT)/Developer/Library/Frameworks",
					"$(inherited)",
				);
				GCC_PRECOMPILE_PREFIX_HEADER = YES;
				GCC_PREFIX_HEADER = "SmartTrucking/SmartTrucking-Prefix.pch";
				INFOPLIST_FILE = "SmartTruckingTests/SmartTruckingTests-Info.plist";
				PRODUCT_NAME = "$(TARGET_NAME)";
				WRAPPER_EXTENSION = xctest;
			};
			name = Release;
		};
/* End XCBuildConfiguration section */

/* Begin XCConfigurationList section */
		BD8458C6FD82FEEF3C92A121 /* Build configuration list for PBXProject "SmartTrucking" */ = {
			isa = XCConfigurationList;
			buildConfigurations = (
				BD8459785F922A535E5DB6E5 /* Debug */,
				BD84502EB04ED31CD5184BAD /* Release */,
			);
			defaultConfigurationIsVisible = 0;
			defaultConfigurationName = Release;
		};
		BD845B53C608141E0E6D36E4 /* Build configuration list for PBXNativeTarget "SmartTruckingTests" */ = {
			isa = XCConfigurationList;
			buildConfigurations = (
				BD8453823793DF2AF66DC2E8 /* Debug */,
				BD845D385110466048FE019A /* Release */,
			);
			defaultConfigurationIsVisible = 0;
			defaultConfigurationName = Release;
		};
		BD845D63F54ADFEA523B746F /* Build configuration list for PBXNativeTarget "SmartTrucking" */ = {
			isa = XCConfigurationList;
			buildConfigurations = (
				BD845683AD64184F2808C243 /* Debug */,
				BD8451A108E9B566D5A473C6 /* Release */,
			);
			defaultConfigurationIsVisible = 0;
			defaultConfigurationName = Release;
		};
/* End XCConfigurationList section */
	};
	rootObject = BD8457981DDC94BA6E2E8E74 /* Project object */;
}
